
Microsoft Visual Studio Solution File, Format Version 12.00
# Visual Studio Version 17
VisualStudioVersion = 17.12.35527.113 d17.12
MinimumVisualStudioVersion = 10.0.40219.1
Project("{FAE04EC0-301F-11D3-BF4B-00C04F79EFBC}") = "Akvelon-Coding-task", "Akvelon-Coding-task.csproj", "{DF3D6614-5F3D-4CCB-A7BD-6A8B492B4BFE}"
EndProject
Project("{FAE04EC0-301F-11D3-BF4B-00C04F79EFBC}") = "Akvelon-Coding-task-Test", "..\Akvelon-Coding-task-Test\Akvelon-Coding-task-Test.csproj", "{DF136D45-6324-47E3-BF07-06E38A59EAA2}"
EndProject
Global
	GlobalSection(SolutionConfigurationPlatforms) = preSolution
		Debug|Any CPU = Debug|Any CPU
		Release|Any CPU = Release|Any CPU
	EndGlobalSection
	GlobalSection(ProjectConfigurationPlatforms) = postSolution
		{DF3D6614-5F3D-4CCB-A7BD-6A8B492B4BFE}.Debug|Any CPU.ActiveCfg = Debug|Any CPU
		{DF3D6614-5F3D-4CCB-A7BD-6A8B492B4BFE}.Debug|Any CPU.Build.0 = Debug|Any CPU
		{DF3D6614-5F3D-4CCB-A7BD-6A8B492B4BFE}.Release|Any CPU.ActiveCfg = Release|Any CPU
		{DF3D6614-5F3D-4CCB-A7BD-6A8B492B4BFE}.Release|Any CPU.Build.0 = Release|Any CPU
		{DF136D45-6324-47E3-BF07-06E38A59EAA2}.Debug|Any CPU.ActiveCfg = Debug|Any CPU
		{DF136D45-6324-47E3-BF07-06E38A59EAA2}.Debug|Any CPU.Build.0 = Debug|Any CPU
		{DF136D45-6324-47E3-BF07-06E38A59EAA2}.Release|Any CPU.ActiveCfg = Release|Any CPU
		{DF136D45-6324-47E3-BF07-06E38A59EAA2}.Release|Any CPU.Build.0 = Release|Any CPU
	EndGlobalSection
	GlobalSection(SolutionProperties) = preSolution
		HideSolutionNode = FALSE
	EndGlobalSection
EndGlobal
